<?xml version="1.0" encoding="utf-8"?>
<Project ToolsVersion="4.0" xmlns="http://schemas.microsoft.com/developer/msbuild/2003">
  <ItemGroup>
    <ClCompile Include="Source\TVM.cpp" />
    <ClCompile Include="Source\TVMByteCodes.cpp" />
    <ClCompile Include="Source\Lib\IO.cpp" />
    <ClCompile Include="Source\Lib\CPPBinding.cpp" />
  </ItemGroup>
  <ItemGroup>
    <ClInclude Include="Source\TVM.h" />
    <ClInclude Include="Source\TVMByteCodes.h" />
    <ClInclude Include="Source\Lib\IO.h" />
    <ClInclude Include="Source\TVMRegister.h" />
    <ClInclude Include="Source\Lib\CPPBinding.h" />
  </ItemGroup>
  <ItemGroup>
    <Filter Include="NewFilter1">
      <UniqueIdentifier>{6dbfe218-27cc-40eb-aebf-a5864d72223b}</UniqueIdentifier>
    </Filter>
  </ItemGroup>
</Project>