// !$*UTF8*$!
{
	archiveVersion = 1;
	classes = {
	};
	objectVersion = 46;
	objects = {

/* Begin PBXBuildFile section */
		346E3764A19645D6A32935A4 /* CPPBinding.cpp in Sources */ = {isa = PBXBuildFile; fileRef = F75451AC44B747DEBAD647EC /* CPPBinding.cpp */; };
		B7A8FBB0A29521A2EA7AE9F0 /* TVM.cpp in Sources */ = {isa = PBXBuildFile; fileRef = CED1DAD87324788A855CC118 /* TVM.cpp */; };
		F46B3B584AF8A5CA2371B998 /* IO.cpp in Sources */ = {isa = PBXBuildFile; fileRef = CBC84060CF39129250A5B6A0 /* IO.cpp */; };
/* End PBXBuildFile section */

/* Begin PBXFileReference section */
		2089DFC64F3033B8A8718E06 /* libTVM.a */ = {isa = PBXFileReference; explicitFileType = archive.ar; includeInIndex = 0; name = libTVM.a; path = libTVM.a; sourceTree = BUILT_PRODUCTS_DIR; };
		2F2BC7C27F3F5C7401BD8E02 /* TVM.h */ = {isa = PBXFileReference; lastKnownFileType = sourcecode.c.h; name = TVM.h; path = Source/TVM.h; sourceTree = "<group>"; };
		3007FEB651D3ABE88E88D4F6 /* CPPBinding.h */ = {isa = PBXFileReference; lastKnownFileType = sourcecode.c.h; name = CPPBinding.h; path = Source/Lib/CPPBinding.h; sourceTree = "<group>"; };
		CBC84060CF39129250A5B6A0 /* IO.cpp */ = {isa = PBXFileReference; lastKnownFileType = sourcecode.cpp.cpp; name = IO.cpp; path = Source/Lib/IO.cpp; sourceTree = "<group>"; };
		CED1DAD87324788A855CC118 /* TVM.cpp */ = {isa = PBXFileReference; lastKnownFileType = sourcecode.cpp.cpp; name = TVM.cpp; path = Source/TVM.cpp; sourceTree = "<group>"; };
		F75451AC44B747DEBAD647EC /* CPPBinding.cpp */ = {isa = PBXFileReference; lastKnownFileType = sourcecode.cpp.cpp; name = CPPBinding.cpp; path = Source/Lib/CPPBinding.cpp; sourceTree = "<group>"; };
		F873CCEA9BBF561CB690232A /* IO.h */ = {isa = PBXFileReference; lastKnownFileType = sourcecode.c.h; name = IO.h; path = Source/Lib/IO.h; sourceTree = "<group>"; };
/* End PBXFileReference section */

/* Begin PBXFrameworksBuildPhase section */
		9626E236E8AD0D28BAF17076 /* Frameworks */ = {
			isa = PBXFrameworksBuildPhase;
			buildActionMask = 2147483647;
			files = (
			);
			runOnlyForDeploymentPostprocessing = 0;
		};
/* End PBXFrameworksBuildPhase section */

/* Begin PBXCopyFilesBuildPhase section */
		913398229DF0479412DAB662 /* Embed Libraries */ = {
			isa = PBXCopyFilesBuildPhase;
			buildActionMask = 2147483647;
			dstPath = "";
			dstSubfolderSpec = 10;
			files = (
			);
			name = "Embed Libraries";
			runOnlyForDeploymentPostprocessing = 0;
		};
/* End PBXCopyFilesBuildPhase section */

/* Begin PBXGroup section */
		58961C9763C6CC89BD694AD7 /* TVM */ = {
			isa = PBXGroup;
			children = (
				8632921672239DC8C45B3856 /* Lib */,
				CED1DAD87324788A855CC118 /* TVM.cpp */,
				2F2BC7C27F3F5C7401BD8E02 /* TVM.h */,
				A6C936B49B3FADE6EA134CF4 /* Products */,
			);
			name = TVM;
			sourceTree = "<group>";
		};
		8632921672239DC8C45B3856 /* Lib */ = {
			isa = PBXGroup;
			children = (
				F75451AC44B747DEBAD647EC /* CPPBinding.cpp */,
				3007FEB651D3ABE88E88D4F6 /* CPPBinding.h */,
				CBC84060CF39129250A5B6A0 /* IO.cpp */,
				F873CCEA9BBF561CB690232A /* IO.h */,
			);
			name = Lib;
			sourceTree = "<group>";
		};
		A6C936B49B3FADE6EA134CF4 /* Products */ = {
			isa = PBXGroup;
			children = (
				2089DFC64F3033B8A8718E06 /* libTVM.a */,
			);
			name = Products;
			sourceTree = "<group>";
		};
/* End PBXGroup section */

/* Begin PBXNativeTarget section */
		E411D6EC8864749E9A9CBD2C /* TVM */ = {
			isa = PBXNativeTarget;
			buildConfigurationList = 84622A95D6E85587A92CB8D5 /* Build configuration list for PBXNativeTarget "TVM" */;
			buildPhases = (
				060E62D658948DC82AD8F116 /* Resources */,
				6FBB7C2DC241A71F94860A6D /* Sources */,
				9626E236E8AD0D28BAF17076 /* Frameworks */,
				913398229DF0479412DAB662 /* Embed Libraries */,
			);
			buildRules = (
			);
			dependencies = (
			);
			name = TVM;
			productName = TVM;
			productReference = 2089DFC64F3033B8A8718E06 /* libTVM.a */;
			productType = "com.apple.product-type.library.static";
		};
/* End PBXNativeTarget section */

/* Begin PBXProject section */
		08FB7793FE84155DC02AAC07 /* Project object */ = {
			isa = PBXProject;
			buildConfigurationList = 1DEB928908733DD80010E9CD /* Build configuration list for PBXProject "TVM" */;
			compatibilityVersion = "Xcode 3.2";
			hasScannedForEncodings = 1;
			mainGroup = 58961C9763C6CC89BD694AD7 /* TVM */;
			projectDirPath = "";
			projectRoot = "";
			targets = (
				E411D6EC8864749E9A9CBD2C /* libTVM.a */,
			);
		};
/* End PBXProject section */

/* Begin PBXResourcesBuildPhase section */
		060E62D658948DC82AD8F116 /* Resources */ = {
			isa = PBXResourcesBuildPhase;
			buildActionMask = 2147483647;
			files = (
			);
			runOnlyForDeploymentPostprocessing = 0;
		};
/* End PBXResourcesBuildPhase section */

/* Begin PBXSourcesBuildPhase section */
		6FBB7C2DC241A71F94860A6D /* Sources */ = {
			isa = PBXSourcesBuildPhase;
			buildActionMask = 2147483647;
			files = (
				346E3764A19645D6A32935A4 /* CPPBinding.cpp in Sources */,
				F46B3B584AF8A5CA2371B998 /* IO.cpp in Sources */,
				B7A8FBB0A29521A2EA7AE9F0 /* TVM.cpp in Sources */,
			);
			runOnlyForDeploymentPostprocessing = 0;
		};
/* End PBXSourcesBuildPhase section */

/* Begin PBXVariantGroup section */
/* End PBXVariantGroup section */

/* Begin XCBuildConfiguration section */
		3905C6DB23F1ECCD6BD7B51B /* Debug */ = {
			isa = XCBuildConfiguration;
			buildSettings = {
				ALWAYS_SEARCH_USER_PATHS = NO;
				CONFIGURATION_BUILD_DIR = "../bin/Debug-macosx-x86_64";
				DEBUG_INFORMATION_FORMAT = "dwarf-with-dsym";
				GCC_DYNAMIC_NO_PIC = NO;
				INSTALL_PATH = /usr/local/lib;
				PRODUCT_NAME = TVM;
			};
			name = Debug;
		};
		753C5AC0C54FEF7247CE2100 /* Release */ = {
			isa = XCBuildConfiguration;
			buildSettings = {
				ARCHS = "$(NATIVE_ARCH_ACTUAL)";
				CLANG_CXX_LANGUAGE_STANDARD = "c++2a";
				CONFIGURATION_BUILD_DIR = "$(SYMROOT)";
				CONFIGURATION_TEMP_DIR = "$(OBJROOT)";
				GCC_OPTIMIZATION_LEVEL = 0;
				GCC_SYMBOLS_PRIVATE_EXTERN = NO;
				GCC_WARN_ABOUT_RETURN_TYPE = YES;
				GCC_WARN_UNUSED_VARIABLE = YES;
				OBJROOT = "../bin-intermediate/Release-macosx-x86_64/Release/TVM";
				ONLY_ACTIVE_ARCH = NO;
				SYMROOT = "../bin/Release-macosx-x86_64";
				USER_HEADER_SEARCH_PATHS = (
					Source,
				);
			};
			name = Release;
		};
		A28EA7064EF167380D79DD46 /* Debug */ = {
			isa = XCBuildConfiguration;
			buildSettings = {
				ARCHS = "$(NATIVE_ARCH_ACTUAL)";
				CLANG_CXX_LANGUAGE_STANDARD = "c++2a";
				CONFIGURATION_BUILD_DIR = "$(SYMROOT)";
				CONFIGURATION_TEMP_DIR = "$(OBJROOT)";
				GCC_OPTIMIZATION_LEVEL = 0;
				GCC_SYMBOLS_PRIVATE_EXTERN = NO;
				GCC_WARN_ABOUT_RETURN_TYPE = YES;
				GCC_WARN_UNUSED_VARIABLE = YES;
				OBJROOT = "../bin-intermediate/Debug-macosx-x86_64/Debug/TVM";
				ONLY_ACTIVE_ARCH = NO;
				SYMROOT = "../bin/Debug-macosx-x86_64";
				USER_HEADER_SEARCH_PATHS = (
					Source,
				);
			};
			name = Debug;
		};
		D85604952EE36F07075C82D5 /* Release */ = {
			isa = XCBuildConfiguration;
			buildSettings = {
				ALWAYS_SEARCH_USER_PATHS = NO;
				CONFIGURATION_BUILD_DIR = "../bin/Release-macosx-x86_64";
				DEBUG_INFORMATION_FORMAT = "dwarf-with-dsym";
				GCC_DYNAMIC_NO_PIC = NO;
				INSTALL_PATH = /usr/local/lib;
				PRODUCT_NAME = TVM;
			};
			name = Release;
		};
/* End XCBuildConfiguration section */

/* Begin XCConfigurationList section */
		1DEB928908733DD80010E9CD /* Build configuration list for PBXProject "TVM" */ = {
			isa = XCConfigurationList;
			buildConfigurations = (
				A28EA7064EF167380D79DD46 /* Debug */,
				753C5AC0C54FEF7247CE2100 /* Release */,
			);
			defaultConfigurationIsVisible = 0;
			defaultConfigurationName = Debug;
		};
		84622A95D6E85587A92CB8D5 /* Build configuration list for PBXNativeTarget "libTVM.a" */ = {
			isa = XCConfigurationList;
			buildConfigurations = (
				3905C6DB23F1ECCD6BD7B51B /* Debug */,
				D85604952EE36F07075C82D5 /* Release */,
			);
			defaultConfigurationIsVisible = 0;
			defaultConfigurationName = Debug;
		};
/* End XCConfigurationList section */
};
rootObject = 08FB7793FE84155DC02AAC07 /* Project object */;
}